// !$*UTF8*$!
{
	archiveVersion = 1;
	classes = {
	};
	objectVersion = 46;
	objects = {

/* Begin PBXBuildFile section */
		AE45A50F1DD4CC4600EEC956 /* main.m in Sources */ = {isa = PBXBuildFile; fileRef = AE45A50E1DD4CC4600EEC956 /* main.m */; };
		AE45A5121DD4CC4600EEC956 /* AppDelegate.m in Sources */ = {isa = PBXBuildFile; fileRef = AE45A5111DD4CC4600EEC956 /* AppDelegate.m */; };
		AE45A5151DD4CC4600EEC956 /* ViewController.m in Sources */ = {isa = PBXBuildFile; fileRef = AE45A5141DD4CC4600EEC956 /* ViewController.m */; };
		AE45A51A1DD4CC4600EEC956 /* Assets.xcassets in Resources */ = {isa = PBXBuildFile; fileRef = AE45A5191DD4CC4600EEC956 /* Assets.xcassets */; };
		AE45A51D1DD4CC4600EEC956 /* LaunchScreen.storyboard in Resources */ = {isa = PBXBuildFile; fileRef = AE45A51B1DD4CC4600EEC956 /* LaunchScreen.storyboard */; };
		AE45A52B1DD4D03900EEC956 /* ViewController.xib in Resources */ = {isa = PBXBuildFile; fileRef = AE45A52A1DD4D03900EEC956 /* ViewController.xib */; };
		AE45A52F1DD4D09100EEC956 /* LoginViewController.m in Sources */ = {isa = PBXBuildFile; fileRef = AE45A52D1DD4D09100EEC956 /* LoginViewController.m */; };
		AE45A5301DD4D09100EEC956 /* LoginViewController.xib in Resources */ = {isa = PBXBuildFile; fileRef = AE45A52E1DD4D09100EEC956 /* LoginViewController.xib */; };
		AE45A53C1DD4D2DF00EEC956 /* SectionSelectViewController.m in Sources */ = {isa = PBXBuildFile; fileRef = AE45A53A1DD4D2DF00EEC956 /* SectionSelectViewController.m */; };
		AE45A53D1DD4D2DF00EEC956 /* SectionSelectViewController.xib in Resources */ = {isa = PBXBuildFile; fileRef = AE45A53B1DD4D2DF00EEC956 /* SectionSelectViewController.xib */; };
		AE45A5411DD4D30E00EEC956 /* SeatSelectViewController.m in Sources */ = {isa = PBXBuildFile; fileRef = AE45A53F1DD4D30E00EEC956 /* SeatSelectViewController.m */; };
		AE45A5421DD4D30E00EEC956 /* SeatSelectViewController.xib in Resources */ = {isa = PBXBuildFile; fileRef = AE45A5401DD4D30E00EEC956 /* SeatSelectViewController.xib */; };
		AE45A5461DD4D3C300EEC956 /* HomeViewController.m in Sources */ = {isa = PBXBuildFile; fileRef = AE45A5441DD4D3C300EEC956 /* HomeViewController.m */; };
		AE45A5471DD4D3C300EEC956 /* HomeViewController.xib in Resources */ = {isa = PBXBuildFile; fileRef = AE45A5451DD4D3C300EEC956 /* HomeViewController.xib */; };
		AE45A5761DDB932600EEC956 /* FoodViewController.m in Sources */ = {isa = PBXBuildFile; fileRef = AE45A5741DDB932600EEC956 /* FoodViewController.m */; };
		AE45A5771DDB932600EEC956 /* FoodViewController.xib in Resources */ = {isa = PBXBuildFile; fileRef = AE45A5751DDB932600EEC956 /* FoodViewController.xib */; };
		AE45A58B1DEDA34100EEC956 /* Main.storyboard in Resources */ = {isa = PBXBuildFile; fileRef = AE45A58A1DEDA34100EEC956 /* Main.storyboard */; };
/* End PBXBuildFile section */

/* Begin PBXFileReference section */
		AE45A50A1DD4CC4600EEC956 /* RaptorsHomeCourt.app */ = {isa = PBXFileReference; explicitFileType = wrapper.application; includeInIndex = 0; path = RaptorsHomeCourt.app; sourceTree = BUILT_PRODUCTS_DIR; };
		AE45A50E1DD4CC4600EEC956 /* main.m */ = {isa = PBXFileReference; lastKnownFileType = sourcecode.c.objc; path = main.m; sourceTree = "<group>"; };
		AE45A5101DD4CC4600EEC956 /* AppDelegate.h */ = {isa = PBXFileReference; lastKnownFileType = sourcecode.c.h; path = AppDelegate.h; sourceTree = "<group>"; };
		AE45A5111DD4CC4600EEC956 /* AppDelegate.m */ = {isa = PBXFileReference; lastKnownFileType = sourcecode.c.objc; path = AppDelegate.m; sourceTree = "<group>"; };
		AE45A5131DD4CC4600EEC956 /* ViewController.h */ = {isa = PBXFileReference; lastKnownFileType = sourcecode.c.h; path = ViewController.h; sourceTree = "<group>"; };
		AE45A5141DD4CC4600EEC956 /* ViewController.m */ = {isa = PBXFileReference; lastKnownFileType = sourcecode.c.objc; path = ViewController.m; sourceTree = "<group>"; };
		AE45A5191DD4CC4600EEC956 /* Assets.xcassets */ = {isa = PBXFileReference; lastKnownFileType = folder.assetcatalog; path = Assets.xcassets; sourceTree = "<group>"; };
		AE45A51C1DD4CC4600EEC956 /* Base */ = {isa = PBXFileReference; lastKnownFileType = file.storyboard; name = Base; path = Base.lproj/LaunchScreen.storyboard; sourceTree = "<group>"; };
		AE45A51E1DD4CC4600EEC956 /* Info.plist */ = {isa = PBXFileReference; lastKnownFileType = text.plist.xml; path = Info.plist; sourceTree = "<group>"; };
		AE45A52A1DD4D03900EEC956 /* ViewController.xib */ = {isa = PBXFileReference; fileEncoding = 4; lastKnownFileType = file.xib; path = ViewController.xib; sourceTree = "<group>"; };
		AE45A52C1DD4D09100EEC956 /* LoginViewController.h */ = {isa = PBXFileReference; fileEncoding = 4; lastKnownFileType = sourcecode.c.h; path = LoginViewController.h; sourceTree = "<group>"; };
		AE45A52D1DD4D09100EEC956 /* LoginViewController.m */ = {isa = PBXFileReference; fileEncoding = 4; lastKnownFileType = sourcecode.c.objc; path = LoginViewController.m; sourceTree = "<group>"; };
		AE45A52E1DD4D09100EEC956 /* LoginViewController.xib */ = {isa = PBXFileReference; fileEncoding = 4; lastKnownFileType = file.xib; path = LoginViewController.xib; sourceTree = "<group>"; };
		AE45A5391DD4D2DF00EEC956 /* SectionSelectViewController.h */ = {isa = PBXFileReference; fileEncoding = 4; lastKnownFileType = sourcecode.c.h; path = SectionSelectViewController.h; sourceTree = "<group>"; };
		AE45A53A1DD4D2DF00EEC956 /* SectionSelectViewController.m */ = {isa = PBXFileReference; fileEncoding = 4; lastKnownFileType = sourcecode.c.objc; path = SectionSelectViewController.m; sourceTree = "<group>"; };
		AE45A53B1DD4D2DF00EEC956 /* SectionSelectViewController.xib */ = {isa = PBXFileReference; fileEncoding = 4; lastKnownFileType = file.xib; path = SectionSelectViewController.xib; sourceTree = "<group>"; };
		AE45A53E1DD4D30E00EEC956 /* SeatSelectViewController.h */ = {isa = PBXFileReference; fileEncoding = 4; lastKnownFileType = sourcecode.c.h; path = SeatSelectViewController.h; sourceTree = "<group>"; };
		AE45A53F1DD4D30E00EEC956 /* SeatSelectViewController.m */ = {isa = PBXFileReference; fileEncoding = 4; lastKnownFileType = sourcecode.c.objc; path = SeatSelectViewController.m; sourceTree = "<group>"; };
		AE45A5401DD4D30E00EEC956 /* SeatSelectViewController.xib */ = {isa = PBXFileReference; fileEncoding = 4; lastKnownFileType = file.xib; path = SeatSelectViewController.xib; sourceTree = "<group>"; };
		AE45A5431DD4D3C300EEC956 /* HomeViewController.h */ = {isa = PBXFileReference; fileEncoding = 4; lastKnownFileType = sourcecode.c.h; path = HomeViewController.h; sourceTree = "<group>"; };
		AE45A5441DD4D3C300EEC956 /* HomeViewController.m */ = {isa = PBXFileReference; fileEncoding = 4; lastKnownFileType = sourcecode.c.objc; path = HomeViewController.m; sourceTree = "<group>"; };
		AE45A5451DD4D3C300EEC956 /* HomeViewController.xib */ = {isa = PBXFileReference; fileEncoding = 4; lastKnownFileType = file.xib; path = HomeViewController.xib; sourceTree = "<group>"; };
		AE45A5731DDB932600EEC956 /* FoodViewController.h */ = {isa = PBXFileReference; fileEncoding = 4; lastKnownFileType = sourcecode.c.h; path = FoodViewController.h; sourceTree = "<group>"; };
		AE45A5741DDB932600EEC956 /* FoodViewController.m */ = {isa = PBXFileReference; fileEncoding = 4; lastKnownFileType = sourcecode.c.objc; path = FoodViewController.m; sourceTree = "<group>"; };
		AE45A5751DDB932600EEC956 /* FoodViewController.xib */ = {isa = PBXFileReference; fileEncoding = 4; lastKnownFileType = file.xib; path = FoodViewController.xib; sourceTree = "<group>"; };
		AE45A58A1DEDA34100EEC956 /* Main.storyboard */ = {isa = PBXFileReference; fileEncoding = 4; lastKnownFileType = file.storyboard; path = Main.storyboard; sourceTree = "<group>"; };
/* End PBXFileReference section */

/* Begin PBXFrameworksBuildPhase section */
		AE45A5071DD4CC4600EEC956 /* Frameworks */ = {
			isa = PBXFrameworksBuildPhase;
			buildActionMask = 2147483647;
			files = (
			);
			runOnlyForDeploymentPostprocessing = 0;
		};
/* End PBXFrameworksBuildPhase section */

/* Begin PBXGroup section */
		AE45A5011DD4CC4600EEC956 = {
			isa = PBXGroup;
			children = (
				AE45A50C1DD4CC4600EEC956 /* RaptorsHomeCourt */,
				AE45A50B1DD4CC4600EEC956 /* Products */,
			);
			sourceTree = "<group>";
		};
		AE45A50B1DD4CC4600EEC956 /* Products */ = {
			isa = PBXGroup;
			children = (
				AE45A50A1DD4CC4600EEC956 /* RaptorsHomeCourt.app */,
			);
			name = Products;
			sourceTree = "<group>";
		};
		AE45A50C1DD4CC4600EEC956 /* RaptorsHomeCourt */ = {
			isa = PBXGroup;
			children = (
				AE45A5271DD4CD3C00EEC956 /* View Controllers */,
				AE45A5261DD4CD3400EEC956 /* Nibs */,
				AE45A5251DD4CD2C00EEC956 /* Images */,
				AE45A5241DD4CD1800EEC956 /* Special Classes */,
				AE45A5191DD4CC4600EEC956 /* Assets.xcassets */,
				AE45A51E1DD4CC4600EEC956 /* Info.plist */,
				AE45A50D1DD4CC4600EEC956 /* Supporting Files */,
			);
			path = RaptorsHomeCourt;
			sourceTree = "<group>";
		};
		AE45A50D1DD4CC4600EEC956 /* Supporting Files */ = {
			isa = PBXGroup;
			children = (
				AE45A50E1DD4CC4600EEC956 /* main.m */,
				AE7C96881DDE1C6A0089A165 /* Data.h */,
				AE7C96891DDE1C6A0089A165 /* Data.m */,
			);
			name = "Supporting Files";
			sourceTree = "<group>";
		};
		AE45A5241DD4CD1800EEC956 /* Special Classes */ = {
			isa = PBXGroup;
			children = (
				AE45A5101DD4CC4600EEC956 /* AppDelegate.h */,
				AE45A5111DD4CC4600EEC956 /* AppDelegate.m */,
			);
			name = "Special Classes";
			sourceTree = "<group>";
		};
		AE45A5251DD4CD2C00EEC956 /* Images */ = {
			isa = PBXGroup;
			children = (
			);
			name = Images;
			sourceTree = "<group>";
		};
		AE45A5261DD4CD3400EEC956 /* Nibs */ = {
			isa = PBXGroup;
			children = (
				AE45A5751DDB932600EEC956 /* FoodViewController.xib */,
				AE45A5451DD4D3C300EEC956 /* HomeViewController.xib */,
				AE45A5401DD4D30E00EEC956 /* SeatSelectViewController.xib */,
				AE45A53B1DD4D2DF00EEC956 /* SectionSelectViewController.xib */,
				AE45A52E1DD4D09100EEC956 /* LoginViewController.xib */,
				AE45A51B1DD4CC4600EEC956 /* LaunchScreen.storyboard */,
				AE45A52A1DD4D03900EEC956 /* ViewController.xib */,
				AE45A58A1DEDA34100EEC956 /* Main.storyboard */,
			);
			name = Nibs;
			sourceTree = "<group>";
		};
		AE45A5271DD4CD3C00EEC956 /* View Controllers */ = {
			isa = PBXGroup;
			children = (
				AE45A5131DD4CC4600EEC956 /* ViewController.h */,
				AE45A5141DD4CC4600EEC956 /* ViewController.m */,
				AE45A52C1DD4D09100EEC956 /* LoginViewController.h */,
				AE45A52D1DD4D09100EEC956 /* LoginViewController.m */,
				AE45A5391DD4D2DF00EEC956 /* SectionSelectViewController.h */,
				AE45A53A1DD4D2DF00EEC956 /* SectionSelectViewController.m */,
				AE45A53E1DD4D30E00EEC956 /* SeatSelectViewController.h */,
				AE45A53F1DD4D30E00EEC956 /* SeatSelectViewController.m */,
				AE45A5431DD4D3C300EEC956 /* HomeViewController.h */,
				AE45A5441DD4D3C300EEC956 /* HomeViewController.m */,
				AE45A5731DDB932600EEC956 /* FoodViewController.h */,
				AE45A5741DDB932600EEC956 /* FoodViewController.m */,
			);
			name = "View Controllers";
			sourceTree = "<group>";
		};
/* End PBXGroup section */

/* Begin PBXNativeTarget section */
		AE45A5091DD4CC4600EEC956 /* RaptorsHomeCourt */ = {
			isa = PBXNativeTarget;
			buildConfigurationList = AE45A5211DD4CC4600EEC956 /* Build configuration list for PBXNativeTarget "RaptorsHomeCourt" */;
			buildPhases = (
				AE45A5061DD4CC4600EEC956 /* Sources */,
				AE45A5071DD4CC4600EEC956 /* Frameworks */,
				AE45A5081DD4CC4600EEC956 /* Resources */,
			);
			buildRules = (
			);
			dependencies = (
			);
			name = RaptorsHomeCourt;
			productName = RaptorsHomeCourt;
			productReference = AE45A50A1DD4CC4600EEC956 /* RaptorsHomeCourt.app */;
			productType = "com.apple.product-type.application";
		};
/* End PBXNativeTarget section */

/* Begin PBXProject section */
		AE45A5021DD4CC4600EEC956 /* Project object */ = {
			isa = PBXProject;
			attributes = {
				LastUpgradeCheck = 0730;
				ORGANIZATIONNAME = "Xcode User";
				TargetAttributes = {
					AE45A5091DD4CC4600EEC956 = {
						CreatedOnToolsVersion = 7.3.1;
					};
				};
			};
			buildConfigurationList = AE45A5051DD4CC4600EEC956 /* Build configuration list for PBXProject "RaptorsHomeCourt" */;
			compatibilityVersion = "Xcode 3.2";
			developmentRegion = English;
			hasScannedForEncodings = 0;
			knownRegions = (
				en,
				Base,
			);
			mainGroup = AE45A5011DD4CC4600EEC956;
			productRefGroup = AE45A50B1DD4CC4600EEC956 /* Products */;
			projectDirPath = "";
			projectRoot = "";
			targets = (
				AE45A5091DD4CC4600EEC956 /* RaptorsHomeCourt */,
			);
		};
/* End PBXProject section */

/* Begin PBXResourcesBuildPhase section */
		AE45A5081DD4CC4600EEC956 /* Resources */ = {
			isa = PBXResourcesBuildPhase;
			buildActionMask = 2147483647;
			files = (
				AE45A5301DD4D09100EEC956 /* LoginViewController.xib in Resources */,
				AE45A53D1DD4D2DF00EEC956 /* SectionSelectViewController.xib in Resources */,
				AE45A51D1DD4CC4600EEC956 /* LaunchScreen.storyboard in Resources */,
				AE45A5421DD4D30E00EEC956 /* SeatSelectViewController.xib in Resources */,
				AE45A52B1DD4D03900EEC956 /* ViewController.xib in Resources */,
				AE45A5471DD4D3C300EEC956 /* HomeViewController.xib in Resources */,
				AE45A58B1DEDA34100EEC956 /* Main.storyboard in Resources */,
				AE45A5771DDB932600EEC956 /* FoodViewController.xib in Resources */,
				AE45A51A1DD4CC4600EEC956 /* Assets.xcassets in Resources */,
			);
			runOnlyForDeploymentPostprocessing = 0;
		};
/* End PBXResourcesBuildPhase section */

/* Begin PBXSourcesBuildPhase section */
		AE45A5061DD4CC4600EEC956 /* Sources */ = {
			isa = PBXSourcesBuildPhase;
			buildActionMask = 2147483647;
			files = (
				AE45A52F1DD4D09100EEC956 /* LoginViewController.m in Sources */,
				AE45A5151DD4CC4600EEC956 /* ViewController.m in Sources */,
				AE45A5121DD4CC4600EEC956 /* AppDelegate.m in Sources */,
				AE7C968A1DDE1C6A0089A165 /* Data.m in Sources */,
				AE45A50F1DD4CC4600EEC956 /* main.m in Sources */,
				AE45A53C1DD4D2DF00EEC956 /* SectionSelectViewController.m in Sources */,
				AE45A5461DD4D3C300EEC956 /* HomeViewController.m in Sources */,
				AE45A5761DDB932600EEC956 /* FoodViewController.m in Sources */,
				AE45A5411DD4D30E00EEC956 /* SeatSelectViewController.m in Sources */,
			);
			runOnlyForDeploymentPostprocessing = 0;
		};
/* End PBXSourcesBuildPhase section */

/* Begin PBXVariantGroup section */
		AE45A51B1DD4CC4600EEC956 /* LaunchScreen.storyboard */ = {
			isa = PBXVariantGroup;
			children = (
				AE45A51C1DD4CC4600EEC956 /* Base */,
			);
			name = LaunchScreen.storyboard;
			sourceTree = "<group>";
		};
/* End PBXVariantGroup section */

/* Begin XCBuildConfiguration section */
		AE45A51F1DD4CC4600EEC956 /* Debug */ = {
			isa = XCBuildConfiguration;
			buildSettings = {
				ALWAYS_SEARCH_USER_PATHS = NO;
				CLANG_ANALYZER_NONNULL = YES;
				CLANG_CXX_LANGUAGE_STANDARD = "gnu++0x";
				CLANG_CXX_LIBRARY = "libc++";
				CLANG_ENABLE_MODULES = YES;
				CLANG_ENABLE_OBJC_ARC = YES;
				CLANG_WARN_BOOL_CONVERSION = YES;
				CLANG_WARN_CONSTANT_CONVERSION = YES;
				CLANG_WARN_DIRECT_OBJC_ISA_USAGE = YES_ERROR;
				CLANG_WARN_EMPTY_BODY = YES;
				CLANG_WARN_ENUM_CONVERSION = YES;
				CLANG_WARN_INT_CONVERSION = YES;
				CLANG_WARN_OBJC_ROOT_CLASS = YES_ERROR;
				CLANG_WARN_UNREACHABLE_CODE = YES;
				CLANG_WARN__DUPLICATE_METHOD_MATCH = YES;
				"CODE_SIGN_IDENTITY[sdk=iphoneos*]" = "iPhone Developer";
				COPY_PHASE_STRIP = NO;
				DEBUG_INFORMATION_FORMAT = dwarf;
				ENABLE_STRICT_OBJC_MSGSEND = YES;
				ENABLE_TESTABILITY = YES;
				GCC_C_LANGUAGE_STANDARD = gnu99;
				GCC_DYNAMIC_NO_PIC = NO;
				GCC_NO_COMMON_BLOCKS = YES;
				GCC_OPTIMIZATION_LEVEL = 0;
				GCC_PREPROCESSOR_DEFINITIONS = (
					"DEBUG=1",
					"$(inherited)",
				);
				GCC_WARN_64_TO_32_BIT_CONVERSION = YES;
				GCC_WARN_ABOUT_RETURN_TYPE = YES_ERROR;
				GCC_WARN_UNDECLARED_SELECTOR = YES;
				GCC_WARN_UNINITIALIZED_AUTOS = YES_AGGRESSIVE;
				GCC_WARN_UNUSED_FUNCTION = YES;
				GCC_WARN_UNUSED_VARIABLE = YES;
				IPHONEOS_DEPLOYMENT_TARGET = 9.3;
				MTL_ENABLE_DEBUG_INFO = YES;
				ONLY_ACTIVE_ARCH = YES;
				SDKROOT = iphoneos;
			};
			name = Debug;
		};
		AE45A5201DD4CC4600EEC956 /* Release */ = {
			isa = XCBuildConfiguration;
			buildSettings = {
				ALWAYS_SEARCH_USER_PATHS = NO;
				CLANG_ANALYZER_NONNULL = YES;
				CLANG_CXX_LANGUAGE_STANDARD = "gnu++0x";
				CLANG_CXX_LIBRARY = "libc++";
				CLANG_ENABLE_MODULES = YES;
				CLANG_ENABLE_OBJC_ARC = YES;
				CLANG_WARN_BOOL_CONVERSION = YES;
				CLANG_WARN_CONSTANT_CONVERSION = YES;
				CLANG_WARN_DIRECT_OBJC_ISA_USAGE = YES_ERROR;
				CLANG_WARN_EMPTY_BODY = YES;
				CLANG_WARN_ENUM_CONVERSION = YES;
				CLANG_WARN_INT_CONVERSION = YES;
				CLANG_WARN_OBJC_ROOT_CLASS = YES_ERROR;
				CLANG_WARN_UNREACHABLE_CODE = YES;
				CLANG_WARN__DUPLICATE_METHOD_MATCH = YES;
				"CODE_SIGN_IDENTITY[sdk=iphoneos*]" = "iPhone Developer";
				COPY_PHASE_STRIP = NO;
				DEBUG_INFORMATION_FORMAT = "dwarf-with-dsym";
				ENABLE_NS_ASSERTIONS = NO;
				ENABLE_STRICT_OBJC_MSGSEND = YES;
				GCC_C_LANGUAGE_STANDARD = gnu99;
				GCC_NO_COMMON_BLOCKS = YES;
				GCC_WARN_64_TO_32_BIT_CONVERSION = YES;
				GCC_WARN_ABOUT_RETURN_TYPE = YES_ERROR;
				GCC_WARN_UNDECLARED_SELECTOR = YES;
				GCC_WARN_UNINITIALIZED_AUTOS = YES_AGGRESSIVE;
				GCC_WARN_UNUSED_FUNCTION = YES;
				GCC_WARN_UNUSED_VARIABLE = YES;
				IPHONEOS_DEPLOYMENT_TARGET = 9.3;
				MTL_ENABLE_DEBUG_INFO = NO;
				SDKROOT = iphoneos;
				VALIDATE_PRODUCT = YES;
			};
			name = Release;
		};
		AE45A5221DD4CC4600EEC956 /* Debug */ = {
			isa = XCBuildConfiguration;
			buildSettings = {
				ASSETCATALOG_COMPILER_APPICON_NAME = AppIcon;
				INFOPLIST_FILE = RaptorsHomeCourt/Info.plist;
				LD_RUNPATH_SEARCH_PATHS = "$(inherited) @executable_path/Frameworks";
				PRODUCT_BUNDLE_IDENTIFIER = com.prog31632.RaptorsHomeCourt;
				PRODUCT_NAME = "$(TARGET_NAME)";
			};
			name = Debug;
		};
		AE45A5231DD4CC4600EEC956 /* Release */ = {
			isa = XCBuildConfiguration;
			buildSettings = {
				ASSETCATALOG_COMPILER_APPICON_NAME = AppIcon;
				INFOPLIST_FILE = RaptorsHomeCourt/Info.plist;
				LD_RUNPATH_SEARCH_PATHS = "$(inherited) @executable_path/Frameworks";
				PRODUCT_BUNDLE_IDENTIFIER = com.prog31632.RaptorsHomeCourt;
				PRODUCT_NAME = "$(TARGET_NAME)";
			};
			name = Release;
		};
/* End XCBuildConfiguration section */

/* Begin XCConfigurationList section */
		AE45A5051DD4CC4600EEC956 /* Build configuration list for PBXProject "RaptorsHomeCourt" */ = {
			isa = XCConfigurationList;
			buildConfigurations = (
				AE45A51F1DD4CC4600EEC956 /* Debug */,
				AE45A5201DD4CC4600EEC956 /* Release */,
			);
			defaultConfigurationIsVisible = 0;
			defaultConfigurationName = Release;
		};
		AE45A5211DD4CC4600EEC956 /* Build configuration list for PBXNativeTarget "RaptorsHomeCourt" */ = {
			isa = XCConfigurationList;
			buildConfigurations = (
				AE45A5221DD4CC4600EEC956 /* Debug */,
				AE45A5231DD4CC4600EEC956 /* Release */,
			);
			defaultConfigurationIsVisible = 0;
			defaultConfigurationName = Release;
		};
/* End XCConfigurationList section */
	};
	rootObject = AE45A5021DD4CC4600EEC956 /* Project object */;
}
